
Microsoft Visual Studio Solution File, Format Version 12.00
# Visual Studio Version 17
VisualStudioVersion = 17.10.35013.160
MinimumVisualStudioVersion = 10.0.40219.1
Project("{FAE04EC0-301F-11D3-BF4B-00C04F79EFBC}") = "quetschen", "quetschen\quetschen.csproj", "{100575C1-D336-4541-BC96-EFD09AC21012}"
EndProject
Global
	GlobalSection(SolutionConfigurationPlatforms) = preSolution
		Debug|Any CPU = Debug|Any CPU
		Release|Any CPU = Release|Any CPU
	EndGlobalSection
	GlobalSection(ProjectConfigurationPlatforms) = postSolution
		{100575C1-D336-4541-BC96-EFD09AC21012}.Debug|Any CPU.ActiveCfg = Debug|Any CPU
		{100575C1-D336-4541-BC96-EFD09AC21012}.Debug|Any CPU.Build.0 = Debug|Any CPU
		{100575C1-D336-4541-BC96-EFD09AC21012}.Release|Any CPU.ActiveCfg = Release|Any CPU
		{100575C1-D336-4541-BC96-EFD09AC21012}.Release|Any CPU.Build.0 = Release|Any CPU
	EndGlobalSection
	GlobalSection(SolutionProperties) = preSolution
		HideSolutionNode = FALSE
	EndGlobalSection
	GlobalSection(ExtensibilityGlobals) = postSolution
		SolutionGuid = {11C365B6-6EF6-4191-BD97-0FA622139FE6}
	EndGlobalSection
EndGlobal
